
Microsoft Visual Studio Solution File, Format Version 12.00
# Visual Studio 2013
VisualStudioVersion = 12.0.40629.0
MinimumVisualStudioVersion = 10.0.40219.1
Project("{FAE04EC0-301F-11D3-BF4B-00C04F79EFBC}") = "QuanLyCF", "QuanLyCF\QuanLyCF.csproj", "{56D18B1E-0FE3-47F4-8C3C-56B2DC0E46CC}"
EndProject
Global
	GlobalSection(SolutionConfigurationPlatforms) = preSolution
		Debug|Any CPU = Debug|Any CPU
		Release|Any CPU = Release|Any CPU
	EndGlobalSection
	GlobalSection(ProjectConfigurationPlatforms) = postSolution
		{56D18B1E-0FE3-47F4-8C3C-56B2DC0E46CC}.Debug|Any CPU.ActiveCfg = Debug|Any CPU
		{56D18B1E-0FE3-47F4-8C3C-56B2DC0E46CC}.Debug|Any CPU.Build.0 = Debug|Any CPU
		{56D18B1E-0FE3-47F4-8C3C-56B2DC0E46CC}.Release|Any CPU.ActiveCfg = Release|Any CPU
		{56D18B1E-0FE3-47F4-8C3C-56B2DC0E46CC}.Release|Any CPU.Build.0 = Release|Any CPU
	EndGlobalSection
	GlobalSection(SolutionProperties) = preSolution
		HideSolutionNode = FALSE
	EndGlobalSection
EndGlobal
